
Microsoft Visual Studio Solution File, Format Version 12.00
# Visual Studio Version 17
VisualStudioVersion = 17.4.33205.214
MinimumVisualStudioVersion = 10.0.40219.1
Project("{9A19103F-16F7-4668-BE54-9A1E7A4F7556}") = "Business", "Business\Business.csproj", "{B1AF4453-EE35-480A-909E-9CCBA3B149F4}"
	ProjectSection(ProjectDependencies) = postProject
		{6DE006EB-A5F5-4984-B58B-5EE0EAECD9AA} = {6DE006EB-A5F5-4984-B58B-5EE0EAECD9AA}
		{C3EB929B-53FF-4B57-9969-29094569BD1E} = {C3EB929B-53FF-4B57-9969-29094569BD1E}
	EndProjectSection
EndProject
Project("{9A19103F-16F7-4668-BE54-9A1E7A4F7556}") = "Entities", "Entities\Entities.csproj", "{6DE006EB-A5F5-4984-B58B-5EE0EAECD9AA}"
EndProject
Project("{9A19103F-16F7-4668-BE54-9A1E7A4F7556}") = "DataAccess", "DataAccess\DataAccess.csproj", "{C3EB929B-53FF-4B57-9969-29094569BD1E}"
EndProject
Project("{9A19103F-16F7-4668-BE54-9A1E7A4F7556}") = "Lawyer", "Lawyer\Lawyer.csproj", "{587CECF8-D081-45EA-8864-9DB5836EC456}"
	ProjectSection(ProjectDependencies) = postProject
		{B1AF4453-EE35-480A-909E-9CCBA3B149F4} = {B1AF4453-EE35-480A-909E-9CCBA3B149F4}
	EndProjectSection
EndProject
Global
	GlobalSection(SolutionConfigurationPlatforms) = preSolution
		Debug|Any CPU = Debug|Any CPU
		Release|Any CPU = Release|Any CPU
	EndGlobalSection
	GlobalSection(ProjectConfigurationPlatforms) = postSolution
		{B1AF4453-EE35-480A-909E-9CCBA3B149F4}.Debug|Any CPU.ActiveCfg = Debug|Any CPU
		{B1AF4453-EE35-480A-909E-9CCBA3B149F4}.Debug|Any CPU.Build.0 = Debug|Any CPU
		{B1AF4453-EE35-480A-909E-9CCBA3B149F4}.Release|Any CPU.ActiveCfg = Release|Any CPU
		{B1AF4453-EE35-480A-909E-9CCBA3B149F4}.Release|Any CPU.Build.0 = Release|Any CPU
		{6DE006EB-A5F5-4984-B58B-5EE0EAECD9AA}.Debug|Any CPU.ActiveCfg = Debug|Any CPU
		{6DE006EB-A5F5-4984-B58B-5EE0EAECD9AA}.Debug|Any CPU.Build.0 = Debug|Any CPU
		{6DE006EB-A5F5-4984-B58B-5EE0EAECD9AA}.Release|Any CPU.ActiveCfg = Release|Any CPU
		{6DE006EB-A5F5-4984-B58B-5EE0EAECD9AA}.Release|Any CPU.Build.0 = Release|Any CPU
		{C3EB929B-53FF-4B57-9969-29094569BD1E}.Debug|Any CPU.ActiveCfg = Debug|Any CPU
		{C3EB929B-53FF-4B57-9969-29094569BD1E}.Debug|Any CPU.Build.0 = Debug|Any CPU
		{C3EB929B-53FF-4B57-9969-29094569BD1E}.Release|Any CPU.ActiveCfg = Release|Any CPU
		{C3EB929B-53FF-4B57-9969-29094569BD1E}.Release|Any CPU.Build.0 = Release|Any CPU
		{587CECF8-D081-45EA-8864-9DB5836EC456}.Debug|Any CPU.ActiveCfg = Debug|Any CPU
		{587CECF8-D081-45EA-8864-9DB5836EC456}.Debug|Any CPU.Build.0 = Debug|Any CPU
		{587CECF8-D081-45EA-8864-9DB5836EC456}.Release|Any CPU.ActiveCfg = Release|Any CPU
		{587CECF8-D081-45EA-8864-9DB5836EC456}.Release|Any CPU.Build.0 = Release|Any CPU
	EndGlobalSection
	GlobalSection(SolutionProperties) = preSolution
		HideSolutionNode = FALSE
	EndGlobalSection
	GlobalSection(ExtensibilityGlobals) = postSolution
		SolutionGuid = {985ABA33-CFFA-4E9F-BA56-D820E1AE09FF}
	EndGlobalSection
EndGlobal
